
Microsoft Visual Studio Solution File, Format Version 12.00
# Visual Studio Version 17
VisualStudioVersion = 17.13.35913.81 d17.13
MinimumVisualStudioVersion = 10.0.40219.1
Project("{FAE04EC0-301F-11D3-BF4B-00C04F79EFBC}") = "AkademiQPortfolio", "AkademiQPortfolio\AkademiQPortfolio.csproj", "{5EE92C16-A84D-4AB5-B526-E0AE7379E19B}"
EndProject
Global
	GlobalSection(SolutionConfigurationPlatforms) = preSolution
		Debug|Any CPU = Debug|Any CPU
		Release|Any CPU = Release|Any CPU
	EndGlobalSection
	GlobalSection(ProjectConfigurationPlatforms) = postSolution
		{5EE92C16-A84D-4AB5-B526-E0AE7379E19B}.Debug|Any CPU.ActiveCfg = Debug|Any CPU
		{5EE92C16-A84D-4AB5-B526-E0AE7379E19B}.Debug|Any CPU.Build.0 = Debug|Any CPU
		{5EE92C16-A84D-4AB5-B526-E0AE7379E19B}.Release|Any CPU.ActiveCfg = Release|Any CPU
		{5EE92C16-A84D-4AB5-B526-E0AE7379E19B}.Release|Any CPU.Build.0 = Release|Any CPU
	EndGlobalSection
	GlobalSection(SolutionProperties) = preSolution
		HideSolutionNode = FALSE
	EndGlobalSection
	GlobalSection(ExtensibilityGlobals) = postSolution
		SolutionGuid = {58134A5E-1F09-48A1-BE36-EF4D0516FF61}
	EndGlobalSection
EndGlobal
